{
  "name": "subtitle-burner-bot",
  "version": "1.0.0",
  "lockfileVersion": 2,
  "requires": true,
  "packages": {
    "": {
      "name": "subtitle-burner-bot",
      "version": "1.0.0",
      "dependencies": {
        "node-telegram-bot-api": "^0.53.1"
      }
    },
    "node_modules/node-telegram-bot-api": {
      "version": "0.53.1",
      "resolved": "https://registry.npmjs.org/node-telegram-bot-api/-/node-telegram-bot-api-0.53.1.tgz",
      "integrity": "sha512-+/pRQWQWQWQWQWQWQWQWQWQWQWQWQWQWQWQWQWQWQWQWQWQWQWQWQWQWQWQWQWQWQWQWQWQWQWQWQWQWQWQWQWQWQWQWQWQWQWQWQWQWQWQWQWQWQWQWQWQWQWQWQWQWQWQWQWQWQWQWQWQWQWQWQWQWQWQWQWQWQWQWQWQWQWQWQWQWQWQWQWQWQWQWQWQWQWQWQWQWQWQWQWQWQWQWQWQWQWQWQWQWQWQWQWQWQWQWQWQWQWQWQWQWQWQWQWQWQWQWQWQWQWQWQWQWQWQWQWQWQWQWQWQWQWQWQWQWQWQWQWQWQWQWQWQWQWQWQWQWQWQWQWQWQWQWQWQWQWQWQWQWQWQWQWQWQWQWQWQWQWQWQWQWQWQWQWQWQWQWQWQWQWQWQWQWQWQWQWQWQWQWQWQWQWQWQWQWQWQWQWQWQWQWQWQWQWQWQWQWQWQWQWQWQWQWQWQWQWQWQWQWQWQWQWQWQWQWQWQWQWQWQWQWQWQWQWQWQWQWQWQWQWQWQWQWQWQWQWQWQWQWQWQWQWQWQWQWQWQWQWQWQWQWQWQWQWQWQWQWQWQWQWQWQWQWQWQWQWQWQWQWQWQWQWQWQWQWQWQWQWQWQWQWQWQWQWQWQWQWQWQWQWQWQWQWQWQWQWQWQWQWQWQWQWQWQWQWQWQWQWQWQWQWQWQWQWQWQWQWQWQWQWQWQWQWQWQWQWQWQWQWQWQWQWQWQWQWQWQWQWQWQWQWQWQWQWQWQWQWQWQWQWQW
